// !$*UTF8*$!
{
	archiveVersion = 1;
	classes = {
	};
	objectVersion = 46;
	objects = {

/* Begin PBXBuildFile section */
		65080F771D6CCB180081102D /* main.m in Sources */ = {isa = PBXBuildFile; fileRef = 65080F761D6CCB180081102D /* main.m */; };
		65080F7F1D6CCB320081102D /* Plumber.m in Sources */ = {isa = PBXBuildFile; fileRef = 65080F7E1D6CCB320081102D /* Plumber.m */; };
		65080F821D6CD1790081102D /* Customer.m in Sources */ = {isa = PBXBuildFile; fileRef = 65080F811D6CD1790081102D /* Customer.m */; };
		65080F851D6CD4A90081102D /* BadCustomer.m in Sources */ = {isa = PBXBuildFile; fileRef = 65080F841D6CD4A90081102D /* BadCustomer.m */; };
/* End PBXBuildFile section */

/* Begin PBXCopyFilesBuildPhase section */
		65080F711D6CCB180081102D /* CopyFiles */ = {
			isa = PBXCopyFilesBuildPhase;
			buildActionMask = 2147483647;
			dstPath = /usr/share/man/man1/;
			dstSubfolderSpec = 0;
			files = (
			);
			runOnlyForDeploymentPostprocessing = 1;
		};
/* End PBXCopyFilesBuildPhase section */

/* Begin PBXFileReference section */
		65080F731D6CCB180081102D /* Marioo */ = {isa = PBXFileReference; explicitFileType = "compiled.mach-o.executable"; includeInIndex = 0; path = Marioo; sourceTree = BUILT_PRODUCTS_DIR; };
		65080F761D6CCB180081102D /* main.m */ = {isa = PBXFileReference; lastKnownFileType = sourcecode.c.objc; path = main.m; sourceTree = "<group>"; };
		65080F7D1D6CCB320081102D /* Plumber.h */ = {isa = PBXFileReference; fileEncoding = 4; lastKnownFileType = sourcecode.c.h; name = Plumber.h; path = ../Plumber.h; sourceTree = "<group>"; };
		65080F7E1D6CCB320081102D /* Plumber.m */ = {isa = PBXFileReference; fileEncoding = 4; lastKnownFileType = sourcecode.c.objc; name = Plumber.m; path = ../Plumber.m; sourceTree = "<group>"; };
		65080F801D6CD1790081102D /* Customer.h */ = {isa = PBXFileReference; fileEncoding = 4; lastKnownFileType = sourcecode.c.h; path = Customer.h; sourceTree = "<group>"; };
		65080F811D6CD1790081102D /* Customer.m */ = {isa = PBXFileReference; fileEncoding = 4; lastKnownFileType = sourcecode.c.objc; path = Customer.m; sourceTree = "<group>"; };
		65080F831D6CD4A90081102D /* BadCustomer.h */ = {isa = PBXFileReference; fileEncoding = 4; lastKnownFileType = sourcecode.c.h; path = BadCustomer.h; sourceTree = "<group>"; };
		65080F841D6CD4A90081102D /* BadCustomer.m */ = {isa = PBXFileReference; fileEncoding = 4; lastKnownFileType = sourcecode.c.objc; path = BadCustomer.m; sourceTree = "<group>"; };
/* End PBXFileReference section */

/* Begin PBXFrameworksBuildPhase section */
		65080F701D6CCB180081102D /* Frameworks */ = {
			isa = PBXFrameworksBuildPhase;
			buildActionMask = 2147483647;
			files = (
			);
			runOnlyForDeploymentPostprocessing = 0;
		};
/* End PBXFrameworksBuildPhase section */

/* Begin PBXGroup section */
		65080F6A1D6CCB180081102D = {
			isa = PBXGroup;
			children = (
				65080F751D6CCB180081102D /* Marioo */,
				65080F741D6CCB180081102D /* Products */,
			);
			sourceTree = "<group>";
		};
		65080F741D6CCB180081102D /* Products */ = {
			isa = PBXGroup;
			children = (
				65080F731D6CCB180081102D /* Marioo */,
			);
			name = Products;
			sourceTree = "<group>";
		};
		65080F751D6CCB180081102D /* Marioo */ = {
			isa = PBXGroup;
			children = (
				65080F761D6CCB180081102D /* main.m */,
				65080F7D1D6CCB320081102D /* Plumber.h */,
				65080F7E1D6CCB320081102D /* Plumber.m */,
				65080F801D6CD1790081102D /* Customer.h */,
				65080F811D6CD1790081102D /* Customer.m */,
				65080F831D6CD4A90081102D /* BadCustomer.h */,
				65080F841D6CD4A90081102D /* BadCustomer.m */,
			);
			path = Marioo;
			sourceTree = "<group>";
		};
/* End PBXGroup section */

/* Begin PBXNativeTarget section */
		65080F721D6CCB180081102D /* Marioo */ = {
			isa = PBXNativeTarget;
			buildConfigurationList = 65080F7A1D6CCB180081102D /* Build configuration list for PBXNativeTarget "Marioo" */;
			buildPhases = (
				65080F6F1D6CCB180081102D /* Sources */,
				65080F701D6CCB180081102D /* Frameworks */,
				65080F711D6CCB180081102D /* CopyFiles */,
			);
			buildRules = (
			);
			dependencies = (
			);
			name = Marioo;
			productName = Marioo;
			productReference = 65080F731D6CCB180081102D /* Marioo */;
			productType = "com.apple.product-type.tool";
		};
/* End PBXNativeTarget section */

/* Begin PBXProject section */
		65080F6B1D6CCB180081102D /* Project object */ = {
			isa = PBXProject;
			attributes = {
				LastUpgradeCheck = 0800;
				ORGANIZATIONNAME = Arcore;
				TargetAttributes = {
					65080F721D6CCB180081102D = {
						CreatedOnToolsVersion = 8.0;
						ProvisioningStyle = Automatic;
					};
				};
			};
			buildConfigurationList = 65080F6E1D6CCB180081102D /* Build configuration list for PBXProject "Marioo" */;
			compatibilityVersion = "Xcode 3.2";
			developmentRegion = English;
			hasScannedForEncodings = 0;
			knownRegions = (
				en,
			);
			mainGroup = 65080F6A1D6CCB180081102D;
			productRefGroup = 65080F741D6CCB180081102D /* Products */;
			projectDirPath = "";
			projectRoot = "";
			targets = (
				65080F721D6CCB180081102D /* Marioo */,
			);
		};
/* End PBXProject section */

/* Begin PBXSourcesBuildPhase section */
		65080F6F1D6CCB180081102D /* Sources */ = {
			isa = PBXSourcesBuildPhase;
			buildActionMask = 2147483647;
			files = (
				65080F771D6CCB180081102D /* main.m in Sources */,
				65080F851D6CD4A90081102D /* BadCustomer.m in Sources */,
				65080F821D6CD1790081102D /* Customer.m in Sources */,
				65080F7F1D6CCB320081102D /* Plumber.m in Sources */,
			);
			runOnlyForDeploymentPostprocessing = 0;
		};
/* End PBXSourcesBuildPhase section */

/* Begin XCBuildConfiguration section */
		65080F781D6CCB180081102D /* Debug */ = {
			isa = XCBuildConfiguration;
			buildSettings = {
				ALWAYS_SEARCH_USER_PATHS = NO;
				CLANG_ANALYZER_NONNULL = YES;
				CLANG_CXX_LANGUAGE_STANDARD = "gnu++0x";
				CLANG_CXX_LIBRARY = "libc++";
				CLANG_ENABLE_MODULES = YES;
				CLANG_ENABLE_OBJC_ARC = YES;
				CLANG_WARN_BOOL_CONVERSION = YES;
				CLANG_WARN_CONSTANT_CONVERSION = YES;
				CLANG_WARN_DIRECT_OBJC_ISA_USAGE = YES_ERROR;
				CLANG_WARN_DOCUMENTATION_COMMENTS = YES;
				CLANG_WARN_EMPTY_BODY = YES;
				CLANG_WARN_ENUM_CONVERSION = YES;
				CLANG_WARN_INFINITE_RECURSION = YES;
				CLANG_WARN_INT_CONVERSION = YES;
				CLANG_WARN_OBJC_ROOT_CLASS = YES_ERROR;
				CLANG_WARN_SUSPICIOUS_MOVES = YES;
				CLANG_WARN_UNREACHABLE_CODE = YES;
				CLANG_WARN__DUPLICATE_METHOD_MATCH = YES;
				CODE_SIGN_IDENTITY = "-";
				COPY_PHASE_STRIP = NO;
				DEBUG_INFORMATION_FORMAT = dwarf;
				ENABLE_STRICT_OBJC_MSGSEND = YES;
				ENABLE_TESTABILITY = YES;
				GCC_C_LANGUAGE_STANDARD = gnu99;
				GCC_DYNAMIC_NO_PIC = NO;
				GCC_NO_COMMON_BLOCKS = YES;
				GCC_OPTIMIZATION_LEVEL = 0;
				GCC_PREPROCESSOR_DEFINITIONS = (
					"DEBUG=1",
					"$(inherited)",
				);
				GCC_WARN_64_TO_32_BIT_CONVERSION = YES;
				GCC_WARN_ABOUT_RETURN_TYPE = YES_ERROR;
				GCC_WARN_UNDECLARED_SELECTOR = YES;
				GCC_WARN_UNINITIALIZED_AUTOS = YES_AGGRESSIVE;
				GCC_WARN_UNUSED_FUNCTION = YES;
				GCC_WARN_UNUSED_VARIABLE = YES;
				MACOSX_DEPLOYMENT_TARGET = 10.11;
				MTL_ENABLE_DEBUG_INFO = YES;
				ONLY_ACTIVE_ARCH = YES;
				SDKROOT = macosx;
			};
			name = Debug;
		};
		65080F791D6CCB180081102D /* Release */ = {
			isa = XCBuildConfiguration;
			buildSettings = {
				ALWAYS_SEARCH_USER_PATHS = NO;
				CLANG_ANALYZER_NONNULL = YES;
				CLANG_CXX_LANGUAGE_STANDARD = "gnu++0x";
				CLANG_CXX_LIBRARY = "libc++";
				CLANG_ENABLE_MODULES = YES;
				CLANG_ENABLE_OBJC_ARC = YES;
				CLANG_WARN_BOOL_CONVERSION = YES;
				CLANG_WARN_CONSTANT_CONVERSION = YES;
				CLANG_WARN_DIRECT_OBJC_ISA_USAGE = YES_ERROR;
				CLANG_WARN_DOCUMENTATION_COMMENTS = YES;
				CLANG_WARN_EMPTY_BODY = YES;
				CLANG_WARN_ENUM_CONVERSION = YES;
				CLANG_WARN_INFINITE_RECURSION = YES;
				CLANG_WARN_INT_CONVERSION = YES;
				CLANG_WARN_OBJC_ROOT_CLASS = YES_ERROR;
				CLANG_WARN_SUSPICIOUS_MOVES = YES;
				CLANG_WARN_UNREACHABLE_CODE = YES;
				CLANG_WARN__DUPLICATE_METHOD_MATCH = YES;
				CODE_SIGN_IDENTITY = "-";
				COPY_PHASE_STRIP = NO;
				DEBUG_INFORMATION_FORMAT = "dwarf-with-dsym";
				ENABLE_NS_ASSERTIONS = NO;
				ENABLE_STRICT_OBJC_MSGSEND = YES;
				GCC_C_LANGUAGE_STANDARD = gnu99;
				GCC_NO_COMMON_BLOCKS = YES;
				GCC_WARN_64_TO_32_BIT_CONVERSION = YES;
				GCC_WARN_ABOUT_RETURN_TYPE = YES_ERROR;
				GCC_WARN_UNDECLARED_SELECTOR = YES;
				GCC_WARN_UNINITIALIZED_AUTOS = YES_AGGRESSIVE;
				GCC_WARN_UNUSED_FUNCTION = YES;
				GCC_WARN_UNUSED_VARIABLE = YES;
				MACOSX_DEPLOYMENT_TARGET = 10.11;
				MTL_ENABLE_DEBUG_INFO = NO;
				SDKROOT = macosx;
			};
			name = Release;
		};
		65080F7B1D6CCB180081102D /* Debug */ = {
			isa = XCBuildConfiguration;
			buildSettings = {
				PRODUCT_NAME = "$(TARGET_NAME)";
			};
			name = Debug;
		};
		65080F7C1D6CCB180081102D /* Release */ = {
			isa = XCBuildConfiguration;
			buildSettings = {
				PRODUCT_NAME = "$(TARGET_NAME)";
			};
			name = Release;
		};
/* End XCBuildConfiguration section */

/* Begin XCConfigurationList section */
		65080F6E1D6CCB180081102D /* Build configuration list for PBXProject "Marioo" */ = {
			isa = XCConfigurationList;
			buildConfigurations = (
				65080F781D6CCB180081102D /* Debug */,
				65080F791D6CCB180081102D /* Release */,
			);
			defaultConfigurationIsVisible = 0;
			defaultConfigurationName = Release;
		};
		65080F7A1D6CCB180081102D /* Build configuration list for PBXNativeTarget "Marioo" */ = {
			isa = XCConfigurationList;
			buildConfigurations = (
				65080F7B1D6CCB180081102D /* Debug */,
				65080F7C1D6CCB180081102D /* Release */,
			);
			defaultConfigurationIsVisible = 0;
		};
/* End XCConfigurationList section */
	};
	rootObject = 65080F6B1D6CCB180081102D /* Project object */;
}
